
Microsoft Visual Studio Solution File, Format Version 12.00
# Visual Studio Version 17
VisualStudioVersion = 17.9.34622.214
MinimumVisualStudioVersion = 10.0.40219.1
Project("{FAE04EC0-301F-11D3-BF4B-00C04F79EFBC}") = "SistemaTarefasInteligentes.Tests", "SistemaTarefasInteligentes.Tests\SistemaTarefasInteligentes.Tests.csproj", "{35271D32-0B9D-41F8-8397-59E9907FD5F8}"
EndProject
Project("{FAE04EC0-301F-11D3-BF4B-00C04F79EFBC}") = "Domain", "Domain\Domain.csproj", "{A0A5736D-A398-494C-AD0F-BAE1A191BA79}"
EndProject
Global
	GlobalSection(SolutionConfigurationPlatforms) = preSolution
		Debug|Any CPU = Debug|Any CPU
		Release|Any CPU = Release|Any CPU
	EndGlobalSection
	GlobalSection(ProjectConfigurationPlatforms) = postSolution
		{35271D32-0B9D-41F8-8397-59E9907FD5F8}.Debug|Any CPU.ActiveCfg = Debug|Any CPU
		{35271D32-0B9D-41F8-8397-59E9907FD5F8}.Debug|Any CPU.Build.0 = Debug|Any CPU
		{35271D32-0B9D-41F8-8397-59E9907FD5F8}.Release|Any CPU.ActiveCfg = Release|Any CPU
		{35271D32-0B9D-41F8-8397-59E9907FD5F8}.Release|Any CPU.Build.0 = Release|Any CPU
		{A0A5736D-A398-494C-AD0F-BAE1A191BA79}.Debug|Any CPU.ActiveCfg = Debug|Any CPU
		{A0A5736D-A398-494C-AD0F-BAE1A191BA79}.Debug|Any CPU.Build.0 = Debug|Any CPU
		{A0A5736D-A398-494C-AD0F-BAE1A191BA79}.Release|Any CPU.ActiveCfg = Release|Any CPU
		{A0A5736D-A398-494C-AD0F-BAE1A191BA79}.Release|Any CPU.Build.0 = Release|Any CPU
	EndGlobalSection
	GlobalSection(SolutionProperties) = preSolution
		HideSolutionNode = FALSE
	EndGlobalSection
	GlobalSection(ExtensibilityGlobals) = postSolution
		SolutionGuid = {AE166583-60AE-46A4-923A-406B3603F985}
	EndGlobalSection
EndGlobal
