
Microsoft Visual Studio Solution File, Format Version 12.00
# Visual Studio Version 17
VisualStudioVersion = 17.0.31903.59
MinimumVisualStudioVersion = 10.0.40219.1
Project("{2150E333-8FDC-42A3-9474-1A3956D46DE8}") = "Shared", "Shared", "{AAE40B62-DD80-4D44-B51C-6B946AB0410B}"
EndProject
Project("{FAE04EC0-301F-11D3-BF4B-00C04F79EFBC}") = "Application", "Application\Application.csproj", "{E522B394-7AD2-447A-9F85-BE6775CD7BDB}"
EndProject
Project("{2150E333-8FDC-42A3-9474-1A3956D46DE8}") = "Tests", "Tests", "{90B766F5-A2AE-41C2-9EF8-317BF2FA9DFD}"
EndProject
Project("{FAE04EC0-301F-11D3-BF4B-00C04F79EFBC}") = "tdd-parte-2.tests", "tdd-parte-2.tests\tdd-parte-2.tests.csproj", "{AF49AE67-6A9A-424E-ADF8-B8B5DB64779B}"
EndProject
Project("{FAE04EC0-301F-11D3-BF4B-00C04F79EFBC}") = "Data", "Data\Data.csproj", "{D4197392-ED08-48E2-BDE4-6C3299DC40AF}"
EndProject
Project("{FAE04EC0-301F-11D3-BF4B-00C04F79EFBC}") = "Domain", "Domain\Domain.csproj", "{B25AE7A8-D88D-4819-A4CF-F2C925A4198A}"
EndProject
Global
	GlobalSection(SolutionConfigurationPlatforms) = preSolution
		Debug|Any CPU = Debug|Any CPU
		Release|Any CPU = Release|Any CPU
	EndGlobalSection
	GlobalSection(ProjectConfigurationPlatforms) = postSolution
		{E522B394-7AD2-447A-9F85-BE6775CD7BDB}.Debug|Any CPU.ActiveCfg = Debug|Any CPU
		{E522B394-7AD2-447A-9F85-BE6775CD7BDB}.Debug|Any CPU.Build.0 = Debug|Any CPU
		{E522B394-7AD2-447A-9F85-BE6775CD7BDB}.Release|Any CPU.ActiveCfg = Release|Any CPU
		{E522B394-7AD2-447A-9F85-BE6775CD7BDB}.Release|Any CPU.Build.0 = Release|Any CPU
		{AF49AE67-6A9A-424E-ADF8-B8B5DB64779B}.Debug|Any CPU.ActiveCfg = Debug|Any CPU
		{AF49AE67-6A9A-424E-ADF8-B8B5DB64779B}.Debug|Any CPU.Build.0 = Debug|Any CPU
		{AF49AE67-6A9A-424E-ADF8-B8B5DB64779B}.Release|Any CPU.ActiveCfg = Release|Any CPU
		{AF49AE67-6A9A-424E-ADF8-B8B5DB64779B}.Release|Any CPU.Build.0 = Release|Any CPU
		{D4197392-ED08-48E2-BDE4-6C3299DC40AF}.Debug|Any CPU.ActiveCfg = Debug|Any CPU
		{D4197392-ED08-48E2-BDE4-6C3299DC40AF}.Debug|Any CPU.Build.0 = Debug|Any CPU
		{D4197392-ED08-48E2-BDE4-6C3299DC40AF}.Release|Any CPU.ActiveCfg = Release|Any CPU
		{D4197392-ED08-48E2-BDE4-6C3299DC40AF}.Release|Any CPU.Build.0 = Release|Any CPU
		{B25AE7A8-D88D-4819-A4CF-F2C925A4198A}.Debug|Any CPU.ActiveCfg = Debug|Any CPU
		{B25AE7A8-D88D-4819-A4CF-F2C925A4198A}.Debug|Any CPU.Build.0 = Debug|Any CPU
		{B25AE7A8-D88D-4819-A4CF-F2C925A4198A}.Release|Any CPU.ActiveCfg = Release|Any CPU
		{B25AE7A8-D88D-4819-A4CF-F2C925A4198A}.Release|Any CPU.Build.0 = Release|Any CPU
	EndGlobalSection
	GlobalSection(SolutionProperties) = preSolution
		HideSolutionNode = FALSE
	EndGlobalSection
	GlobalSection(NestedProjects) = preSolution
		{E522B394-7AD2-447A-9F85-BE6775CD7BDB} = {AAE40B62-DD80-4D44-B51C-6B946AB0410B}
		{AF49AE67-6A9A-424E-ADF8-B8B5DB64779B} = {90B766F5-A2AE-41C2-9EF8-317BF2FA9DFD}
		{D4197392-ED08-48E2-BDE4-6C3299DC40AF} = {AAE40B62-DD80-4D44-B51C-6B946AB0410B}
		{B25AE7A8-D88D-4819-A4CF-F2C925A4198A} = {AAE40B62-DD80-4D44-B51C-6B946AB0410B}
	EndGlobalSection
	GlobalSection(ExtensibilityGlobals) = postSolution
		SolutionGuid = {C551979D-2427-42DB-98FA-60ECB565581D}
	EndGlobalSection
EndGlobal
